
Microsoft Visual Studio Solution File, Format Version 12.00
# Visual Studio Version 17
VisualStudioVersion = 17.5.002.0
MinimumVisualStudioVersion = 10.0.40219.1
Project("{9A19103F-16F7-4668-BE54-9A1E7A4F7556}") = "ModelBinding-And-Validations", "ModelBinding-And-Validations.csproj", "{EF9DC905-ABE0-4C59-A69A-E95D8402B020}"
EndProject
Global
	GlobalSection(SolutionConfigurationPlatforms) = preSolution
		Debug|Any CPU = Debug|Any CPU
		Release|Any CPU = Release|Any CPU
	EndGlobalSection
	GlobalSection(ProjectConfigurationPlatforms) = postSolution
		{EF9DC905-ABE0-4C59-A69A-E95D8402B020}.Debug|Any CPU.ActiveCfg = Debug|Any CPU
		{EF9DC905-ABE0-4C59-A69A-E95D8402B020}.Debug|Any CPU.Build.0 = Debug|Any CPU
		{EF9DC905-ABE0-4C59-A69A-E95D8402B020}.Release|Any CPU.ActiveCfg = Release|Any CPU
		{EF9DC905-ABE0-4C59-A69A-E95D8402B020}.Release|Any CPU.Build.0 = Release|Any CPU
	EndGlobalSection
	GlobalSection(SolutionProperties) = preSolution
		HideSolutionNode = FALSE
	EndGlobalSection
	GlobalSection(ExtensibilityGlobals) = postSolution
		SolutionGuid = {6BD25B49-1FF5-48A1-865C-A523D27FF796}
	EndGlobalSection
EndGlobal
