
Microsoft Visual Studio Solution File, Format Version 12.00
Project("{FAE04EC0-301F-11D3-BF4B-00C04F79EFBC}") = "DependencyInjection", "DependencyInjection\DependencyInjection.csproj", "{C7E9A47D-14E8-423B-8C7E-98C8616D694C}"
EndProject
Project("{FAE04EC0-301F-11D3-BF4B-00C04F79EFBC}") = "Services", "Services\Services.csproj", "{A12F915F-DCD0-4C5A-9DBA-3CE4CD3EA1D9}"
EndProject
Project("{FAE04EC0-301F-11D3-BF4B-00C04F79EFBC}") = "ServiceContracts", "ServiceContracts\ServiceContracts.csproj", "{ED0CB2B2-4427-4103-8801-F3E8F72CF09F}"
EndProject
Global
	GlobalSection(SolutionConfigurationPlatforms) = preSolution
		Debug|Any CPU = Debug|Any CPU
		Release|Any CPU = Release|Any CPU
	EndGlobalSection
	GlobalSection(ProjectConfigurationPlatforms) = postSolution
		{C7E9A47D-14E8-423B-8C7E-98C8616D694C}.Debug|Any CPU.ActiveCfg = Debug|Any CPU
		{C7E9A47D-14E8-423B-8C7E-98C8616D694C}.Debug|Any CPU.Build.0 = Debug|Any CPU
		{C7E9A47D-14E8-423B-8C7E-98C8616D694C}.Release|Any CPU.ActiveCfg = Release|Any CPU
		{C7E9A47D-14E8-423B-8C7E-98C8616D694C}.Release|Any CPU.Build.0 = Release|Any CPU
		{A12F915F-DCD0-4C5A-9DBA-3CE4CD3EA1D9}.Debug|Any CPU.ActiveCfg = Debug|Any CPU
		{A12F915F-DCD0-4C5A-9DBA-3CE4CD3EA1D9}.Debug|Any CPU.Build.0 = Debug|Any CPU
		{A12F915F-DCD0-4C5A-9DBA-3CE4CD3EA1D9}.Release|Any CPU.ActiveCfg = Release|Any CPU
		{A12F915F-DCD0-4C5A-9DBA-3CE4CD3EA1D9}.Release|Any CPU.Build.0 = Release|Any CPU
		{ED0CB2B2-4427-4103-8801-F3E8F72CF09F}.Debug|Any CPU.ActiveCfg = Debug|Any CPU
		{ED0CB2B2-4427-4103-8801-F3E8F72CF09F}.Debug|Any CPU.Build.0 = Debug|Any CPU
		{ED0CB2B2-4427-4103-8801-F3E8F72CF09F}.Release|Any CPU.ActiveCfg = Release|Any CPU
		{ED0CB2B2-4427-4103-8801-F3E8F72CF09F}.Release|Any CPU.Build.0 = Release|Any CPU
	EndGlobalSection
EndGlobal
