
Microsoft Visual Studio Solution File, Format Version 12.00
# Visual Studio Version 17
VisualStudioVersion = 17.5.002.0
MinimumVisualStudioVersion = 10.0.40219.1
Project("{9A19103F-16F7-4668-BE54-9A1E7A4F7556}") = "ordersApp", "ordersApp.csproj", "{CBE66A0A-5280-4DE5-8DB9-3DC875A35B18}"
EndProject
Global
	GlobalSection(SolutionConfigurationPlatforms) = preSolution
		Debug|Any CPU = Debug|Any CPU
		Release|Any CPU = Release|Any CPU
	EndGlobalSection
	GlobalSection(ProjectConfigurationPlatforms) = postSolution
		{CBE66A0A-5280-4DE5-8DB9-3DC875A35B18}.Debug|Any CPU.ActiveCfg = Debug|Any CPU
		{CBE66A0A-5280-4DE5-8DB9-3DC875A35B18}.Debug|Any CPU.Build.0 = Debug|Any CPU
		{CBE66A0A-5280-4DE5-8DB9-3DC875A35B18}.Release|Any CPU.ActiveCfg = Release|Any CPU
		{CBE66A0A-5280-4DE5-8DB9-3DC875A35B18}.Release|Any CPU.Build.0 = Release|Any CPU
	EndGlobalSection
	GlobalSection(SolutionProperties) = preSolution
		HideSolutionNode = FALSE
	EndGlobalSection
	GlobalSection(ExtensibilityGlobals) = postSolution
		SolutionGuid = {5264E2A8-FFD7-4EEB-A130-3B7167ADF21F}
	EndGlobalSection
EndGlobal
