
Microsoft Visual Studio Solution File, Format Version 12.00
# Visual Studio Version 17
VisualStudioVersion = 17.5.002.0
MinimumVisualStudioVersion = 10.0.40219.1
Project("{9A19103F-16F7-4668-BE54-9A1E7A4F7556}") = "Bank", "Bank.csproj", "{5998CA7A-4C86-441A-91A2-C129AD4EAE19}"
EndProject
Global
	GlobalSection(SolutionConfigurationPlatforms) = preSolution
		Debug|Any CPU = Debug|Any CPU
		Release|Any CPU = Release|Any CPU
	EndGlobalSection
	GlobalSection(ProjectConfigurationPlatforms) = postSolution
		{5998CA7A-4C86-441A-91A2-C129AD4EAE19}.Debug|Any CPU.ActiveCfg = Debug|Any CPU
		{5998CA7A-4C86-441A-91A2-C129AD4EAE19}.Debug|Any CPU.Build.0 = Debug|Any CPU
		{5998CA7A-4C86-441A-91A2-C129AD4EAE19}.Release|Any CPU.ActiveCfg = Release|Any CPU
		{5998CA7A-4C86-441A-91A2-C129AD4EAE19}.Release|Any CPU.Build.0 = Release|Any CPU
	EndGlobalSection
	GlobalSection(SolutionProperties) = preSolution
		HideSolutionNode = FALSE
	EndGlobalSection
	GlobalSection(ExtensibilityGlobals) = postSolution
		SolutionGuid = {DBE2DC01-A1F3-4109-B99B-023A525CE29E}
	EndGlobalSection
EndGlobal
