
Microsoft Visual Studio Solution File, Format Version 12.00
# Visual Studio Version 17
VisualStudioVersion = 17.0.31903.59
MinimumVisualStudioVersion = 10.0.40219.1
Project("{FAE04EC0-301F-11D3-BF4B-00C04F79EFBC}") = "ordersApp", "ordersApp\ordersApp.csproj", "{F12E600E-AD73-4BCC-8B7E-537140AFC22D}"
EndProject
Global
	GlobalSection(SolutionConfigurationPlatforms) = preSolution
		Debug|Any CPU = Debug|Any CPU
		Release|Any CPU = Release|Any CPU
	EndGlobalSection
	GlobalSection(SolutionProperties) = preSolution
		HideSolutionNode = FALSE
	EndGlobalSection
	GlobalSection(ProjectConfigurationPlatforms) = postSolution
		{F12E600E-AD73-4BCC-8B7E-537140AFC22D}.Debug|Any CPU.ActiveCfg = Debug|Any CPU
		{F12E600E-AD73-4BCC-8B7E-537140AFC22D}.Debug|Any CPU.Build.0 = Debug|Any CPU
		{F12E600E-AD73-4BCC-8B7E-537140AFC22D}.Release|Any CPU.ActiveCfg = Release|Any CPU
		{F12E600E-AD73-4BCC-8B7E-537140AFC22D}.Release|Any CPU.Build.0 = Release|Any CPU
	EndGlobalSection
EndGlobal
