
Microsoft Visual Studio Solution File, Format Version 12.00
Project("{FAE04EC0-301F-11D3-BF4B-00C04F79EFBC}") = "MyFirstApp", "MyFirstApp\MyFirstApp.csproj", "{E4DA9783-6567-49D7-AF70-D37803B4933B}"
EndProject
Global
	GlobalSection(SolutionConfigurationPlatforms) = preSolution
		Debug|Any CPU = Debug|Any CPU
		Release|Any CPU = Release|Any CPU
	EndGlobalSection
	GlobalSection(ProjectConfigurationPlatforms) = postSolution
		{E4DA9783-6567-49D7-AF70-D37803B4933B}.Debug|Any CPU.ActiveCfg = Debug|Any CPU
		{E4DA9783-6567-49D7-AF70-D37803B4933B}.Debug|Any CPU.Build.0 = Debug|Any CPU
		{E4DA9783-6567-49D7-AF70-D37803B4933B}.Release|Any CPU.ActiveCfg = Release|Any CPU
		{E4DA9783-6567-49D7-AF70-D37803B4933B}.Release|Any CPU.Build.0 = Release|Any CPU
	EndGlobalSection
EndGlobal
