
Microsoft Visual Studio Solution File, Format Version 12.00
# Visual Studio Version 17
VisualStudioVersion = 17.5.002.0
MinimumVisualStudioVersion = 10.0.40219.1
Project("{9A19103F-16F7-4668-BE54-9A1E7A4F7556}") = "ModelBinding-And-Validations", "ModelBinding-And-Validations.csproj", "{58C0E7D6-B173-48C2-A930-D958BDB1DDE4}"
EndProject
Global
	GlobalSection(SolutionConfigurationPlatforms) = preSolution
		Debug|Any CPU = Debug|Any CPU
		Release|Any CPU = Release|Any CPU
	EndGlobalSection
	GlobalSection(ProjectConfigurationPlatforms) = postSolution
		{58C0E7D6-B173-48C2-A930-D958BDB1DDE4}.Debug|Any CPU.ActiveCfg = Debug|Any CPU
		{58C0E7D6-B173-48C2-A930-D958BDB1DDE4}.Debug|Any CPU.Build.0 = Debug|Any CPU
		{58C0E7D6-B173-48C2-A930-D958BDB1DDE4}.Release|Any CPU.ActiveCfg = Release|Any CPU
		{58C0E7D6-B173-48C2-A930-D958BDB1DDE4}.Release|Any CPU.Build.0 = Release|Any CPU
	EndGlobalSection
	GlobalSection(SolutionProperties) = preSolution
		HideSolutionNode = FALSE
	EndGlobalSection
	GlobalSection(ExtensibilityGlobals) = postSolution
		SolutionGuid = {6BD25B49-1FF5-48A1-865C-A523D27FF796}
	EndGlobalSection
EndGlobal
